
Microsoft Visual Studio Solution File, Format Version 12.00
# Visual Studio 15
VisualStudioVersion = 15.0.28010.2050
MinimumVisualStudioVersion = 10.0.40219.1
Project("{FAE04EC0-301F-11D3-BF4B-00C04F79EFBC}") = "ciss-311-project-3", "ciss-311-project-3\ciss-311-project-3.csproj", "{44DA60C6-E795-4303-9375-266DDF04CE10}"
EndProject
Global
	GlobalSection(SolutionConfigurationPlatforms) = preSolution
		Debug|Any CPU = Debug|Any CPU
		Release|Any CPU = Release|Any CPU
	EndGlobalSection
	GlobalSection(ProjectConfigurationPlatforms) = postSolution
		{44DA60C6-E795-4303-9375-266DDF04CE10}.Debug|Any CPU.ActiveCfg = Debug|Any CPU
		{44DA60C6-E795-4303-9375-266DDF04CE10}.Debug|Any CPU.Build.0 = Debug|Any CPU
		{44DA60C6-E795-4303-9375-266DDF04CE10}.Release|Any CPU.ActiveCfg = Release|Any CPU
		{44DA60C6-E795-4303-9375-266DDF04CE10}.Release|Any CPU.Build.0 = Release|Any CPU
	EndGlobalSection
	GlobalSection(SolutionProperties) = preSolution
		HideSolutionNode = FALSE
	EndGlobalSection
	GlobalSection(ExtensibilityGlobals) = postSolution
		SolutionGuid = {C0F066A9-9778-4495-856D-968018FCE959}
	EndGlobalSection
EndGlobal
